
Microsoft Visual Studio Solution File, Format Version 12.00
# Visual Studio Version 17
VisualStudioVersion = 17.5.33414.496
MinimumVisualStudioVersion = 10.0.40219.1
Project("{FAE04EC0-301F-11D3-BF4B-00C04F79EFBC}") = "ConsoleApp2", "ConsoleApp2\ConsoleApp2.csproj", "{043C2511-2D69-4A40-9E63-9FCEB952C17B}"
EndProject
Global
	GlobalSection(SolutionConfigurationPlatforms) = preSolution
		Debug|Any CPU = Debug|Any CPU
		Release|Any CPU = Release|Any CPU
	EndGlobalSection
	GlobalSection(ProjectConfigurationPlatforms) = postSolution
		{043C2511-2D69-4A40-9E63-9FCEB952C17B}.Debug|Any CPU.ActiveCfg = Debug|Any CPU
		{043C2511-2D69-4A40-9E63-9FCEB952C17B}.Debug|Any CPU.Build.0 = Debug|Any CPU
		{043C2511-2D69-4A40-9E63-9FCEB952C17B}.Release|Any CPU.ActiveCfg = Release|Any CPU
		{043C2511-2D69-4A40-9E63-9FCEB952C17B}.Release|Any CPU.Build.0 = Release|Any CPU
	EndGlobalSection
	GlobalSection(SolutionProperties) = preSolution
		HideSolutionNode = FALSE
	EndGlobalSection
	GlobalSection(ExtensibilityGlobals) = postSolution
		SolutionGuid = {B13F1C46-2F74-4F89-A076-BB71DCB5C1BD}
	EndGlobalSection
EndGlobal
